
Microsoft Visual Studio Solution File, Format Version 10.00
# Visual Studio 2008
Project("{FAE04EC0-301F-11D3-BF4B-00C04F79EFBC}") = "LibBitcoinNet", "LibBitcoinNet\LibBitcoinNet.csproj", "{8815E80C-4507-4F8F-9FED-977EB2D641E2}"
EndProject
Project("{FAE04EC0-301F-11D3-BF4B-00C04F79EFBC}") = "LibBitCoinSample", "LibBitCoinSample\LibBitCoinSample.csproj", "{2DB342D4-1838-4245-B474-D046BFA7DAF8}"
EndProject
Global
	GlobalSection(SolutionConfigurationPlatforms) = preSolution
		Debug|Any CPU = Debug|Any CPU
		Release|Any CPU = Release|Any CPU
	EndGlobalSection
	GlobalSection(ProjectConfigurationPlatforms) = postSolution
		{2DB342D4-1838-4245-B474-D046BFA7DAF8}.Debug|Any CPU.ActiveCfg = Debug|Any CPU
		{2DB342D4-1838-4245-B474-D046BFA7DAF8}.Debug|Any CPU.Build.0 = Debug|Any CPU
		{2DB342D4-1838-4245-B474-D046BFA7DAF8}.Release|Any CPU.ActiveCfg = Release|Any CPU
		{2DB342D4-1838-4245-B474-D046BFA7DAF8}.Release|Any CPU.Build.0 = Release|Any CPU
		{8815E80C-4507-4F8F-9FED-977EB2D641E2}.Debug|Any CPU.ActiveCfg = Debug|Any CPU
		{8815E80C-4507-4F8F-9FED-977EB2D641E2}.Debug|Any CPU.Build.0 = Debug|Any CPU
		{8815E80C-4507-4F8F-9FED-977EB2D641E2}.Release|Any CPU.ActiveCfg = Release|Any CPU
		{8815E80C-4507-4F8F-9FED-977EB2D641E2}.Release|Any CPU.Build.0 = Release|Any CPU
	EndGlobalSection
	GlobalSection(MonoDevelopProperties) = preSolution
		StartupItem = LibBitCoinSample\LibBitCoinSample.csproj
	EndGlobalSection
EndGlobal
